
Microsoft Visual Studio Solution File, Format Version 9.00
# Visual C++ Express 2005
Project("{8BC9CEB8-8B4A-11D0-8D11-00A0C91BC942}") = "BibleStudy", "BibleStudy.vcproj", "{AB4F659B-2ADF-4350-ACF1-0745AEA289D6}"
	ProjectSection(ProjectDependencies) = postProject
		{CF62A85A-EDA4-3913-B6F1-76AF0AB100F8} = {CF62A85A-EDA4-3913-B6F1-76AF0AB100F8}
	EndProjectSection
EndProject
Project("{8BC9CEB8-8B4A-11D0-8D11-00A0C91BC942}") = "BibleDatabase", "BibleDatabase.vcproj", "{CF62A85A-EDA4-3913-B6F1-76AF0AB100F8}"
EndProject
Project("{8BC9CEB8-8B4A-11D0-8D11-00A0C91BC942}") = "BibleStudyBehaviors", "BibleStudyBehaviors.vcproj", "{4BFDD568-0F80-320E-8A86-355689368524}"
	ProjectSection(ProjectDependencies) = postProject
		{CF62A85A-EDA4-3913-B6F1-76AF0AB100F8} = {CF62A85A-EDA4-3913-B6F1-76AF0AB100F8}
		{AB4F659B-2ADF-4350-ACF1-0745AEA289D6} = {AB4F659B-2ADF-4350-ACF1-0745AEA289D6}
	EndProjectSection
EndProject
Global
	GlobalSection(SolutionConfigurationPlatforms) = preSolution
		Debug|Win32 = Debug|Win32
		Release|Win32 = Release|Win32
		Shared-Debug|Win32 = Shared-Debug|Win32
		Shared-Release|Win32 = Shared-Release|Win32
		Static-Debug|Win32 = Static-Debug|Win32
		Static-Release|Win32 = Static-Release|Win32
	EndGlobalSection
	GlobalSection(ProjectConfigurationPlatforms) = postSolution
		{AB4F659B-2ADF-4350-ACF1-0745AEA289D6}.Debug|Win32.ActiveCfg = Debug|Win32
		{AB4F659B-2ADF-4350-ACF1-0745AEA289D6}.Debug|Win32.Build.0 = Debug|Win32
		{AB4F659B-2ADF-4350-ACF1-0745AEA289D6}.Release|Win32.ActiveCfg = Release|Win32
		{AB4F659B-2ADF-4350-ACF1-0745AEA289D6}.Release|Win32.Build.0 = Release|Win32
		{AB4F659B-2ADF-4350-ACF1-0745AEA289D6}.Shared-Debug|Win32.ActiveCfg = Debug|Win32
		{AB4F659B-2ADF-4350-ACF1-0745AEA289D6}.Shared-Debug|Win32.Build.0 = Debug|Win32
		{AB4F659B-2ADF-4350-ACF1-0745AEA289D6}.Shared-Release|Win32.ActiveCfg = Release|Win32
		{AB4F659B-2ADF-4350-ACF1-0745AEA289D6}.Shared-Release|Win32.Build.0 = Release|Win32
		{AB4F659B-2ADF-4350-ACF1-0745AEA289D6}.Static-Debug|Win32.ActiveCfg = Debug|Win32
		{AB4F659B-2ADF-4350-ACF1-0745AEA289D6}.Static-Debug|Win32.Build.0 = Debug|Win32
		{AB4F659B-2ADF-4350-ACF1-0745AEA289D6}.Static-Release|Win32.ActiveCfg = Release|Win32
		{AB4F659B-2ADF-4350-ACF1-0745AEA289D6}.Static-Release|Win32.Build.0 = Release|Win32
		{CF62A85A-EDA4-3913-B6F1-76AF0AB100F8}.Debug|Win32.ActiveCfg = Debug|Win32
		{CF62A85A-EDA4-3913-B6F1-76AF0AB100F8}.Debug|Win32.Build.0 = Debug|Win32
		{CF62A85A-EDA4-3913-B6F1-76AF0AB100F8}.Release|Win32.ActiveCfg = Release|Win32
		{CF62A85A-EDA4-3913-B6F1-76AF0AB100F8}.Release|Win32.Build.0 = Release|Win32
		{CF62A85A-EDA4-3913-B6F1-76AF0AB100F8}.Shared-Debug|Win32.ActiveCfg = Debug|Win32
		{CF62A85A-EDA4-3913-B6F1-76AF0AB100F8}.Shared-Debug|Win32.Build.0 = Debug|Win32
		{CF62A85A-EDA4-3913-B6F1-76AF0AB100F8}.Shared-Release|Win32.ActiveCfg = Release|Win32
		{CF62A85A-EDA4-3913-B6F1-76AF0AB100F8}.Shared-Release|Win32.Build.0 = Release|Win32
		{CF62A85A-EDA4-3913-B6F1-76AF0AB100F8}.Static-Debug|Win32.ActiveCfg = Debug|Win32
		{CF62A85A-EDA4-3913-B6F1-76AF0AB100F8}.Static-Debug|Win32.Build.0 = Debug|Win32
		{CF62A85A-EDA4-3913-B6F1-76AF0AB100F8}.Static-Release|Win32.ActiveCfg = Release|Win32
		{CF62A85A-EDA4-3913-B6F1-76AF0AB100F8}.Static-Release|Win32.Build.0 = Release|Win32
		{4BFDD568-0F80-320E-8A86-355689368524}.Debug|Win32.ActiveCfg = Debug|Win32
		{4BFDD568-0F80-320E-8A86-355689368524}.Debug|Win32.Build.0 = Debug|Win32
		{4BFDD568-0F80-320E-8A86-355689368524}.Release|Win32.ActiveCfg = Release|Win32
		{4BFDD568-0F80-320E-8A86-355689368524}.Release|Win32.Build.0 = Release|Win32
		{4BFDD568-0F80-320E-8A86-355689368524}.Shared-Debug|Win32.ActiveCfg = Debug|Win32
		{4BFDD568-0F80-320E-8A86-355689368524}.Shared-Debug|Win32.Build.0 = Debug|Win32
		{4BFDD568-0F80-320E-8A86-355689368524}.Shared-Release|Win32.ActiveCfg = Release|Win32
		{4BFDD568-0F80-320E-8A86-355689368524}.Shared-Release|Win32.Build.0 = Release|Win32
		{4BFDD568-0F80-320E-8A86-355689368524}.Static-Debug|Win32.ActiveCfg = Debug|Win32
		{4BFDD568-0F80-320E-8A86-355689368524}.Static-Debug|Win32.Build.0 = Debug|Win32
		{4BFDD568-0F80-320E-8A86-355689368524}.Static-Release|Win32.ActiveCfg = Release|Win32
		{4BFDD568-0F80-320E-8A86-355689368524}.Static-Release|Win32.Build.0 = Release|Win32
	EndGlobalSection
	GlobalSection(SolutionProperties) = preSolution
		HideSolutionNode = FALSE
	EndGlobalSection
EndGlobal
